
Microsoft Visual Studio Solution File, Format Version 12.00
# Visual Studio Version 17
VisualStudioVersion = 17.5.33627.172
MinimumVisualStudioVersion = 10.0.40219.1
Project("{FAE04EC0-301F-11D3-BF4B-00C04F79EFBC}") = "OpenWinClash", "OpenWinClash\OpenWinClash.csproj", "{A6A88C6F-38F6-4D28-9A44-B6897BECA006}"
EndProject
Global
	GlobalSection(SolutionConfigurationPlatforms) = preSolution
		Debug|Any CPU = Debug|Any CPU
		Release|Any CPU = Release|Any CPU
	EndGlobalSection
	GlobalSection(ProjectConfigurationPlatforms) = postSolution
		{A6A88C6F-38F6-4D28-9A44-B6897BECA006}.Debug|Any CPU.ActiveCfg = Debug|Any CPU
		{A6A88C6F-38F6-4D28-9A44-B6897BECA006}.Debug|Any CPU.Build.0 = Debug|Any CPU
		{A6A88C6F-38F6-4D28-9A44-B6897BECA006}.Release|Any CPU.ActiveCfg = Release|Any CPU
		{A6A88C6F-38F6-4D28-9A44-B6897BECA006}.Release|Any CPU.Build.0 = Release|Any CPU
	EndGlobalSection
	GlobalSection(SolutionProperties) = preSolution
		HideSolutionNode = FALSE
	EndGlobalSection
	GlobalSection(ExtensibilityGlobals) = postSolution
		SolutionGuid = {69F97DD0-B065-48D9-AEA6-7853BD3BDAA7}
	EndGlobalSection
EndGlobal
